
Microsoft Visual Studio Solution File, Format Version 12.00
# Visual Studio Version 16
VisualStudioVersion = 16.0.31410.357
MinimumVisualStudioVersion = 10.0.40219.1
Project("{FAE04EC0-301F-11D3-BF4B-00C04F79EFBC}") = "MatchMatch", "MatchMatch\MatchMatch.csproj", "{BD5FF3E3-F391-4417-A3A7-8A868A13C10C}"
EndProject
Global
	GlobalSection(SolutionConfigurationPlatforms) = preSolution
		Debug|Any CPU = Debug|Any CPU
		Release|Any CPU = Release|Any CPU
	EndGlobalSection
	GlobalSection(ProjectConfigurationPlatforms) = postSolution
		{BD5FF3E3-F391-4417-A3A7-8A868A13C10C}.Debug|Any CPU.ActiveCfg = Debug|Any CPU
		{BD5FF3E3-F391-4417-A3A7-8A868A13C10C}.Debug|Any CPU.Build.0 = Debug|Any CPU
		{BD5FF3E3-F391-4417-A3A7-8A868A13C10C}.Release|Any CPU.ActiveCfg = Release|Any CPU
		{BD5FF3E3-F391-4417-A3A7-8A868A13C10C}.Release|Any CPU.Build.0 = Release|Any CPU
	EndGlobalSection
	GlobalSection(SolutionProperties) = preSolution
		HideSolutionNode = FALSE
	EndGlobalSection
	GlobalSection(ExtensibilityGlobals) = postSolution
		SolutionGuid = {084E79D6-E8C9-4D7B-97DA-30C81AC82649}
	EndGlobalSection
EndGlobal
